{
  "nodes": {
    "nixpkgs": {
      "locked": {
        "lastModified": 1663074316,
        "narHash": "sha256-N8zIBjJ9097t2IuYP2wR9i+V1n7DUGxDgGnzpfv/r9Q=",
        "owner": "NixOS",
        "repo": "nixpkgs",
        "rev": "b98c0518e475cd8a29bd6af48bbb22f6ddd362cf",
        "type": "github"
      },
      "original": {
        "owner": "NixOS",
        "ref": "master",
        "repo": "nixpkgs",
        "type": "github"
      }
    },
    "root": {
      "inputs": {
        "nixpkgs": "nixpkgs"
      }
    }
  },
  "root": "root",
  "version": 7
}
